
Microsoft Visual Studio Solution File, Format Version 12.00
# Visual Studio Version 17
VisualStudioVersion = 17.11.35327.3
MinimumVisualStudioVersion = 10.0.40219.1
Project("{8BC9CEB8-8B4A-11D0-8D11-00A0C91BC942}") = "common", "C:\src\shademe\OBSE-Plugins\common\common.vcxproj", "{20C6411C-596F-4B85-BE4E-8BC91F59D8A6}"
EndProject
Project("{8BC9CEB8-8B4A-11D0-8D11-00A0C91BC942}") = "obse", "C:\src\shademe\OBSE-Plugins\obse\obse\obse.vcxproj", "{01B76B21-F851-436E-ACEA-64FA03BE8C59}"
EndProject
Project("{2150E333-8FDC-42A3-9474-1A3956D46DE8}") = "obse-core", "obse-core", "{562F840B-F78F-442D-A584-062965E63DCE}"
EndProject
Project("{8BC9CEB8-8B4A-11D0-8D11-00A0C91BC942}") = "VisualEffectShaders", "ez_obse_plugin_example.vcxproj", "{A96C5E6A-22CE-45F8-A568-A7807073F711}"
EndProject
Global
	GlobalSection(SolutionConfigurationPlatforms) = preSolution
		Debug|x86 = Debug|x86
		Release|x86 = Release|x86
	EndGlobalSection
	GlobalSection(ProjectConfigurationPlatforms) = postSolution
		{20C6411C-596F-4B85-BE4E-8BC91F59D8A6}.Debug|x86.ActiveCfg = Debug|Win32
		{20C6411C-596F-4B85-BE4E-8BC91F59D8A6}.Debug|x86.Build.0 = Debug|Win32
		{20C6411C-596F-4B85-BE4E-8BC91F59D8A6}.Release|x86.ActiveCfg = Release|Win32
		{20C6411C-596F-4B85-BE4E-8BC91F59D8A6}.Release|x86.Build.0 = Release|Win32
		{01B76B21-F851-436E-ACEA-64FA03BE8C59}.Debug|x86.ActiveCfg = Debug|Win32
		{01B76B21-F851-436E-ACEA-64FA03BE8C59}.Debug|x86.Build.0 = Debug|Win32
		{01B76B21-F851-436E-ACEA-64FA03BE8C59}.Release|x86.ActiveCfg = Release|Win32
		{01B76B21-F851-436E-ACEA-64FA03BE8C59}.Release|x86.Build.0 = Release|Win32
		{A96C5E6A-22CE-45F8-A568-A7807073F711}.Debug|x86.ActiveCfg = Debug|Win32
		{A96C5E6A-22CE-45F8-A568-A7807073F711}.Debug|x86.Build.0 = Debug|Win32
		{A96C5E6A-22CE-45F8-A568-A7807073F711}.Release|x86.ActiveCfg = Release|Win32
		{A96C5E6A-22CE-45F8-A568-A7807073F711}.Release|x86.Build.0 = Release|Win32
	EndGlobalSection
	GlobalSection(SolutionProperties) = preSolution
		HideSolutionNode = FALSE
	EndGlobalSection
	GlobalSection(NestedProjects) = preSolution
		{20C6411C-596F-4B85-BE4E-8BC91F59D8A6} = {562F840B-F78F-442D-A584-062965E63DCE}
		{01B76B21-F851-436E-ACEA-64FA03BE8C59} = {562F840B-F78F-442D-A584-062965E63DCE}
	EndGlobalSection
	GlobalSection(ExtensibilityGlobals) = postSolution
		SolutionGuid = {B8998114-82E6-40B1-BFC8-9EA8497A8D81}
	EndGlobalSection
EndGlobal
